
Microsoft Visual Studio Solution File, Format Version 12.00
# Visual Studio Version 17
VisualStudioVersion = 17.3.32825.248
MinimumVisualStudioVersion = 10.0.40219.1
Project("{D954291E-2A0B-460D-934E-DC6B0785DB48}") = "TestiOSSim.Shared", "TestiOSSim\TestiOSSim.Shared\TestiOSSim.Shared.shproj", "{6279C845-92F8-4333-AB99-3D213163593C}"
EndProject
Project("{2150E333-8FDC-42A3-9474-1A3956D46DE8}") = "Platforms", "Platforms", "{8412D2E7-7516-4823-8E4A-9FAF4A60191C}"
EndProject
Project("{FAE04EC0-301F-11D3-BF4B-00C04F79EFBC}") = "TestiOSSim.Wasm", "TestiOSSim\TestiOSSim.Wasm\TestiOSSim.Wasm.csproj", "{269ECCFA-F292-4382-B32D-6F5B35C316E0}"
EndProject
Project("{FAE04EC0-301F-11D3-BF4B-00C04F79EFBC}") = "TestiOSSim.Mobile", "TestiOSSim\TestiOSSim.Mobile\TestiOSSim.Mobile.csproj", "{8E66CE48-09CD-4632-A8A5-4E764702F7A0}"
EndProject
Project("{FAE04EC0-301F-11D3-BF4B-00C04F79EFBC}") = "TestiOSSim.Skia.Gtk", "TestiOSSim\TestiOSSim.Skia.Gtk\TestiOSSim.Skia.Gtk.csproj", "{6322954F-F0BD-493F-A090-7D306E8B8CD5}"
EndProject
Project("{FAE04EC0-301F-11D3-BF4B-00C04F79EFBC}") = "TestiOSSim.Skia.Linux.FrameBuffer", "TestiOSSim\TestiOSSim.Skia.Linux.FrameBuffer\TestiOSSim.Skia.Linux.FrameBuffer.csproj", "{F7896018-F74C-4E06-8F77-CC6670FCB92B}"
EndProject
Project("{FAE04EC0-301F-11D3-BF4B-00C04F79EFBC}") = "TestiOSSim.Windows", "TestiOSSim\TestiOSSim.Windows\TestiOSSim.Windows.csproj", "{FAC3EFB4-585A-4B25-BE63-7CC5F9D16AA9}"
EndProject
Project("{FAE04EC0-301F-11D3-BF4B-00C04F79EFBC}") = "TestiOSSim.Skia.Wpf", "TestiOSSim\TestiOSSim.Skia.Wpf\TestiOSSim.Skia.Wpf.csproj", "{EE5FDB9F-788E-45E2-A29E-EAE4250F2DF8}"
EndProject
Global
	GlobalSection(SolutionConfigurationPlatforms) = preSolution
		Debug|Any CPU = Debug|Any CPU
		Debug|arm64 = Debug|arm64
		Debug|x64 = Debug|x64
		Debug|x86 = Debug|x86
		Release|Any CPU = Release|Any CPU
		Release|arm64 = Release|arm64
		Release|x64 = Release|x64
		Release|x86 = Release|x86
	EndGlobalSection
	GlobalSection(ProjectConfigurationPlatforms) = postSolution
		{269ECCFA-F292-4382-B32D-6F5B35C316E0}.Debug|Any CPU.ActiveCfg = Debug|Any CPU
		{269ECCFA-F292-4382-B32D-6F5B35C316E0}.Debug|Any CPU.Build.0 = Debug|Any CPU
		{269ECCFA-F292-4382-B32D-6F5B35C316E0}.Debug|arm64.ActiveCfg = Debug|Any CPU
		{269ECCFA-F292-4382-B32D-6F5B35C316E0}.Debug|arm64.Build.0 = Debug|Any CPU
		{269ECCFA-F292-4382-B32D-6F5B35C316E0}.Debug|x64.ActiveCfg = Debug|Any CPU
		{269ECCFA-F292-4382-B32D-6F5B35C316E0}.Debug|x64.Build.0 = Debug|Any CPU
		{269ECCFA-F292-4382-B32D-6F5B35C316E0}.Debug|x86.ActiveCfg = Debug|Any CPU
		{269ECCFA-F292-4382-B32D-6F5B35C316E0}.Debug|x86.Build.0 = Debug|Any CPU
		{269ECCFA-F292-4382-B32D-6F5B35C316E0}.Release|Any CPU.ActiveCfg = Release|Any CPU
		{269ECCFA-F292-4382-B32D-6F5B35C316E0}.Release|Any CPU.Build.0 = Release|Any CPU
		{269ECCFA-F292-4382-B32D-6F5B35C316E0}.Release|arm64.ActiveCfg = Release|Any CPU
		{269ECCFA-F292-4382-B32D-6F5B35C316E0}.Release|arm64.Build.0 = Release|Any CPU
		{269ECCFA-F292-4382-B32D-6F5B35C316E0}.Release|x64.ActiveCfg = Release|Any CPU
		{269ECCFA-F292-4382-B32D-6F5B35C316E0}.Release|x64.Build.0 = Release|Any CPU
		{269ECCFA-F292-4382-B32D-6F5B35C316E0}.Release|x86.ActiveCfg = Release|Any CPU
		{269ECCFA-F292-4382-B32D-6F5B35C316E0}.Release|x86.Build.0 = Release|Any CPU
		{8E66CE48-09CD-4632-A8A5-4E764702F7A0}.Debug|Any CPU.ActiveCfg = Debug|Any CPU
		{8E66CE48-09CD-4632-A8A5-4E764702F7A0}.Debug|Any CPU.Build.0 = Debug|Any CPU
		{8E66CE48-09CD-4632-A8A5-4E764702F7A0}.Debug|Any CPU.Deploy.0 = Debug|Any CPU
		{8E66CE48-09CD-4632-A8A5-4E764702F7A0}.Debug|arm64.ActiveCfg = Debug|Any CPU
		{8E66CE48-09CD-4632-A8A5-4E764702F7A0}.Debug|arm64.Build.0 = Debug|Any CPU
		{8E66CE48-09CD-4632-A8A5-4E764702F7A0}.Debug|arm64.Deploy.0 = Debug|Any CPU
		{8E66CE48-09CD-4632-A8A5-4E764702F7A0}.Debug|x64.ActiveCfg = Debug|Any CPU
		{8E66CE48-09CD-4632-A8A5-4E764702F7A0}.Debug|x64.Build.0 = Debug|Any CPU
		{8E66CE48-09CD-4632-A8A5-4E764702F7A0}.Debug|x64.Deploy.0 = Debug|Any CPU
		{8E66CE48-09CD-4632-A8A5-4E764702F7A0}.Debug|x86.ActiveCfg = Debug|Any CPU
		{8E66CE48-09CD-4632-A8A5-4E764702F7A0}.Debug|x86.Build.0 = Debug|Any CPU
		{8E66CE48-09CD-4632-A8A5-4E764702F7A0}.Debug|x86.Deploy.0 = Debug|Any CPU
		{8E66CE48-09CD-4632-A8A5-4E764702F7A0}.Release|Any CPU.ActiveCfg = Release|Any CPU
		{8E66CE48-09CD-4632-A8A5-4E764702F7A0}.Release|Any CPU.Build.0 = Release|Any CPU
		{8E66CE48-09CD-4632-A8A5-4E764702F7A0}.Release|Any CPU.Deploy.0 = Release|Any CPU
		{8E66CE48-09CD-4632-A8A5-4E764702F7A0}.Release|arm64.ActiveCfg = Release|Any CPU
		{8E66CE48-09CD-4632-A8A5-4E764702F7A0}.Release|arm64.Build.0 = Release|Any CPU
		{8E66CE48-09CD-4632-A8A5-4E764702F7A0}.Release|arm64.Deploy.0 = Release|Any CPU
		{8E66CE48-09CD-4632-A8A5-4E764702F7A0}.Release|x64.ActiveCfg = Release|Any CPU
		{8E66CE48-09CD-4632-A8A5-4E764702F7A0}.Release|x64.Build.0 = Release|Any CPU
		{8E66CE48-09CD-4632-A8A5-4E764702F7A0}.Release|x64.Deploy.0 = Release|Any CPU
		{8E66CE48-09CD-4632-A8A5-4E764702F7A0}.Release|x86.ActiveCfg = Release|Any CPU
		{8E66CE48-09CD-4632-A8A5-4E764702F7A0}.Release|x86.Build.0 = Release|Any CPU
		{8E66CE48-09CD-4632-A8A5-4E764702F7A0}.Release|x86.Deploy.0 = Release|Any CPU
		{6322954F-F0BD-493F-A090-7D306E8B8CD5}.Debug|Any CPU.ActiveCfg = Debug|Any CPU
		{6322954F-F0BD-493F-A090-7D306E8B8CD5}.Debug|Any CPU.Build.0 = Debug|Any CPU
		{6322954F-F0BD-493F-A090-7D306E8B8CD5}.Debug|arm64.ActiveCfg = Debug|Any CPU
		{6322954F-F0BD-493F-A090-7D306E8B8CD5}.Debug|arm64.Build.0 = Debug|Any CPU
		{6322954F-F0BD-493F-A090-7D306E8B8CD5}.Debug|x64.ActiveCfg = Debug|Any CPU
		{6322954F-F0BD-493F-A090-7D306E8B8CD5}.Debug|x64.Build.0 = Debug|Any CPU
		{6322954F-F0BD-493F-A090-7D306E8B8CD5}.Debug|x86.ActiveCfg = Debug|Any CPU
		{6322954F-F0BD-493F-A090-7D306E8B8CD5}.Debug|x86.Build.0 = Debug|Any CPU
		{6322954F-F0BD-493F-A090-7D306E8B8CD5}.Release|Any CPU.ActiveCfg = Release|Any CPU
		{6322954F-F0BD-493F-A090-7D306E8B8CD5}.Release|Any CPU.Build.0 = Release|Any CPU
		{6322954F-F0BD-493F-A090-7D306E8B8CD5}.Release|arm64.ActiveCfg = Release|Any CPU
		{6322954F-F0BD-493F-A090-7D306E8B8CD5}.Release|arm64.Build.0 = Release|Any CPU
		{6322954F-F0BD-493F-A090-7D306E8B8CD5}.Release|x64.ActiveCfg = Release|Any CPU
		{6322954F-F0BD-493F-A090-7D306E8B8CD5}.Release|x64.Build.0 = Release|Any CPU
		{6322954F-F0BD-493F-A090-7D306E8B8CD5}.Release|x86.ActiveCfg = Release|Any CPU
		{6322954F-F0BD-493F-A090-7D306E8B8CD5}.Release|x86.Build.0 = Release|Any CPU
		{F7896018-F74C-4E06-8F77-CC6670FCB92B}.Debug|Any CPU.ActiveCfg = Debug|Any CPU
		{F7896018-F74C-4E06-8F77-CC6670FCB92B}.Debug|Any CPU.Build.0 = Debug|Any CPU
		{F7896018-F74C-4E06-8F77-CC6670FCB92B}.Debug|arm64.ActiveCfg = Debug|Any CPU
		{F7896018-F74C-4E06-8F77-CC6670FCB92B}.Debug|arm64.Build.0 = Debug|Any CPU
		{F7896018-F74C-4E06-8F77-CC6670FCB92B}.Debug|x64.ActiveCfg = Debug|Any CPU
		{F7896018-F74C-4E06-8F77-CC6670FCB92B}.Debug|x64.Build.0 = Debug|Any CPU
		{F7896018-F74C-4E06-8F77-CC6670FCB92B}.Debug|x86.ActiveCfg = Debug|Any CPU
		{F7896018-F74C-4E06-8F77-CC6670FCB92B}.Debug|x86.Build.0 = Debug|Any CPU
		{F7896018-F74C-4E06-8F77-CC6670FCB92B}.Release|Any CPU.ActiveCfg = Release|Any CPU
		{F7896018-F74C-4E06-8F77-CC6670FCB92B}.Release|Any CPU.Build.0 = Release|Any CPU
		{F7896018-F74C-4E06-8F77-CC6670FCB92B}.Release|arm64.ActiveCfg = Release|Any CPU
		{F7896018-F74C-4E06-8F77-CC6670FCB92B}.Release|arm64.Build.0 = Release|Any CPU
		{F7896018-F74C-4E06-8F77-CC6670FCB92B}.Release|x64.ActiveCfg = Release|Any CPU
		{F7896018-F74C-4E06-8F77-CC6670FCB92B}.Release|x64.Build.0 = Release|Any CPU
		{F7896018-F74C-4E06-8F77-CC6670FCB92B}.Release|x86.ActiveCfg = Release|Any CPU
		{F7896018-F74C-4E06-8F77-CC6670FCB92B}.Release|x86.Build.0 = Release|Any CPU
		{FAC3EFB4-585A-4B25-BE63-7CC5F9D16AA9}.Debug|Any CPU.ActiveCfg = Debug|x64
		{FAC3EFB4-585A-4B25-BE63-7CC5F9D16AA9}.Debug|Any CPU.Build.0 = Debug|x64
		{FAC3EFB4-585A-4B25-BE63-7CC5F9D16AA9}.Debug|Any CPU.Deploy.0 = Debug|x64
		{FAC3EFB4-585A-4B25-BE63-7CC5F9D16AA9}.Debug|arm64.ActiveCfg = Debug|arm64
		{FAC3EFB4-585A-4B25-BE63-7CC5F9D16AA9}.Debug|arm64.Build.0 = Debug|arm64
		{FAC3EFB4-585A-4B25-BE63-7CC5F9D16AA9}.Debug|arm64.Deploy.0 = Debug|arm64
		{FAC3EFB4-585A-4B25-BE63-7CC5F9D16AA9}.Debug|x64.ActiveCfg = Debug|x64
		{FAC3EFB4-585A-4B25-BE63-7CC5F9D16AA9}.Debug|x64.Build.0 = Debug|x64
		{FAC3EFB4-585A-4B25-BE63-7CC5F9D16AA9}.Debug|x64.Deploy.0 = Debug|x64
		{FAC3EFB4-585A-4B25-BE63-7CC5F9D16AA9}.Debug|x86.ActiveCfg = Debug|x86
		{FAC3EFB4-585A-4B25-BE63-7CC5F9D16AA9}.Debug|x86.Build.0 = Debug|x86
		{FAC3EFB4-585A-4B25-BE63-7CC5F9D16AA9}.Debug|x86.Deploy.0 = Debug|x86
		{FAC3EFB4-585A-4B25-BE63-7CC5F9D16AA9}.Release|Any CPU.ActiveCfg = Release|x64
		{FAC3EFB4-585A-4B25-BE63-7CC5F9D16AA9}.Release|Any CPU.Build.0 = Release|x64
		{FAC3EFB4-585A-4B25-BE63-7CC5F9D16AA9}.Release|Any CPU.Deploy.0 = Release|x64
		{FAC3EFB4-585A-4B25-BE63-7CC5F9D16AA9}.Release|arm64.ActiveCfg = Release|arm64
		{FAC3EFB4-585A-4B25-BE63-7CC5F9D16AA9}.Release|arm64.Build.0 = Release|arm64
		{FAC3EFB4-585A-4B25-BE63-7CC5F9D16AA9}.Release|arm64.Deploy.0 = Release|arm64
		{FAC3EFB4-585A-4B25-BE63-7CC5F9D16AA9}.Release|x64.ActiveCfg = Release|x64
		{FAC3EFB4-585A-4B25-BE63-7CC5F9D16AA9}.Release|x64.Build.0 = Release|x64
		{FAC3EFB4-585A-4B25-BE63-7CC5F9D16AA9}.Release|x64.Deploy.0 = Release|x64
		{FAC3EFB4-585A-4B25-BE63-7CC5F9D16AA9}.Release|x86.ActiveCfg = Release|x86
		{FAC3EFB4-585A-4B25-BE63-7CC5F9D16AA9}.Release|x86.Build.0 = Release|x86
		{FAC3EFB4-585A-4B25-BE63-7CC5F9D16AA9}.Release|x86.Deploy.0 = Release|x86
		{EE5FDB9F-788E-45E2-A29E-EAE4250F2DF8}.Debug|Any CPU.ActiveCfg = Debug|Any CPU
		{EE5FDB9F-788E-45E2-A29E-EAE4250F2DF8}.Debug|Any CPU.Build.0 = Debug|Any CPU
		{EE5FDB9F-788E-45E2-A29E-EAE4250F2DF8}.Debug|arm64.ActiveCfg = Debug|Any CPU
		{EE5FDB9F-788E-45E2-A29E-EAE4250F2DF8}.Debug|arm64.Build.0 = Debug|Any CPU
		{EE5FDB9F-788E-45E2-A29E-EAE4250F2DF8}.Debug|x64.ActiveCfg = Debug|Any CPU
		{EE5FDB9F-788E-45E2-A29E-EAE4250F2DF8}.Debug|x64.Build.0 = Debug|Any CPU
		{EE5FDB9F-788E-45E2-A29E-EAE4250F2DF8}.Debug|x86.ActiveCfg = Debug|Any CPU
		{EE5FDB9F-788E-45E2-A29E-EAE4250F2DF8}.Debug|x86.Build.0 = Debug|Any CPU
		{EE5FDB9F-788E-45E2-A29E-EAE4250F2DF8}.Release|Any CPU.ActiveCfg = Release|Any CPU
		{EE5FDB9F-788E-45E2-A29E-EAE4250F2DF8}.Release|Any CPU.Build.0 = Release|Any CPU
		{EE5FDB9F-788E-45E2-A29E-EAE4250F2DF8}.Release|arm64.ActiveCfg = Release|Any CPU
		{EE5FDB9F-788E-45E2-A29E-EAE4250F2DF8}.Release|arm64.Build.0 = Release|Any CPU
		{EE5FDB9F-788E-45E2-A29E-EAE4250F2DF8}.Release|x64.ActiveCfg = Release|Any CPU
		{EE5FDB9F-788E-45E2-A29E-EAE4250F2DF8}.Release|x64.Build.0 = Release|Any CPU
		{EE5FDB9F-788E-45E2-A29E-EAE4250F2DF8}.Release|x86.ActiveCfg = Release|Any CPU
		{EE5FDB9F-788E-45E2-A29E-EAE4250F2DF8}.Release|x86.Build.0 = Release|Any CPU
	EndGlobalSection
	GlobalSection(SolutionProperties) = preSolution
		HideSolutionNode = FALSE
	EndGlobalSection
	GlobalSection(NestedProjects) = preSolution
		{269ECCFA-F292-4382-B32D-6F5B35C316E0} = {8412D2E7-7516-4823-8E4A-9FAF4A60191C}
		{8E66CE48-09CD-4632-A8A5-4E764702F7A0} = {8412D2E7-7516-4823-8E4A-9FAF4A60191C}
		{6322954F-F0BD-493F-A090-7D306E8B8CD5} = {8412D2E7-7516-4823-8E4A-9FAF4A60191C}
		{F7896018-F74C-4E06-8F77-CC6670FCB92B} = {8412D2E7-7516-4823-8E4A-9FAF4A60191C}
		{FAC3EFB4-585A-4B25-BE63-7CC5F9D16AA9} = {8412D2E7-7516-4823-8E4A-9FAF4A60191C}
		{EE5FDB9F-788E-45E2-A29E-EAE4250F2DF8} = {8412D2E7-7516-4823-8E4A-9FAF4A60191C}
	EndGlobalSection
	GlobalSection(ExtensibilityGlobals) = postSolution
		SolutionGuid = {255F56B5-38AC-481D-95E5-615A1A21C450}
	EndGlobalSection
	GlobalSection(SharedMSBuildProjectFiles) = preSolution
		TestiOSSim\TestiOSSim.Shared\TestiOSSim.Shared.projitems*{269eccfa-f292-4382-b32d-6f5b35c316e0}*SharedItemsImports = 5
		TestiOSSim\TestiOSSim.Shared\TestiOSSim.Shared.projitems*{6279c845-92f8-4333-ab99-3d213163593c}*SharedItemsImports = 13
		TestiOSSim\TestiOSSim.Shared\TestiOSSim.Shared.projitems*{6322954f-f0bd-493f-a090-7d306e8b8cd5}*SharedItemsImports = 5
		TestiOSSim\TestiOSSim.Shared\TestiOSSim.Shared.projitems*{8e66ce48-09cd-4632-a8a5-4e764702f7a0}*SharedItemsImports = 5
		TestiOSSim\TestiOSSim.Shared\TestiOSSim.Shared.projitems*{ee5fdb9f-788e-45e2-a29e-eae4250f2df8}*SharedItemsImports = 5
		TestiOSSim\TestiOSSim.Shared\TestiOSSim.Shared.projitems*{f7896018-f74c-4e06-8f77-cc6670fcb92b}*SharedItemsImports = 5
		TestiOSSim\TestiOSSim.Shared\TestiOSSim.Shared.projitems*{fac3efb4-585a-4b25-be63-7cc5f9d16aa9}*SharedItemsImports = 5
	EndGlobalSection
EndGlobal
